
Microsoft Visual Studio Solution File, Format Version 12.00
# Visual Studio Version 17
VisualStudioVersion = 17.7.34031.279
MinimumVisualStudioVersion = 10.0.40219.1
Project("{9A19103F-16F7-4668-BE54-9A1E7A4F7556}") = "Store_ApplicationLayer", "Store\Store_ApplicationLayer.csproj", "{F933344F-11F3-4309-8E15-23D66761047D}"
EndProject
Project("{9A19103F-16F7-4668-BE54-9A1E7A4F7556}") = "Tester", "Tester\Tester.csproj", "{8DF97DDB-0FBA-40F2-9379-62F091BAD04C}"
EndProject
Project("{9A19103F-16F7-4668-BE54-9A1E7A4F7556}") = "Store_DataAccessLayer", "Store_DataAccessLayer\Store_DataAccessLayer.csproj", "{41219632-B64D-4E2C-B5E8-A9575C3FC282}"
EndProject
Project("{FAE04EC0-301F-11D3-BF4B-00C04F79EFBC}") = "DataAccessLayer_Interface", "DataAccessLayer_Interface\DataAccessLayer_Interface.csproj", "{C2577A52-836C-4401-9055-CFF1BFEE3E6F}"
EndProject
Project("{9A19103F-16F7-4668-BE54-9A1E7A4F7556}") = "Store_DataAccessLayer_SQLite", "Store_DataAccessLayer_SQLite\Store_DataAccessLayer_SQLite.csproj", "{C4D238C9-FF5E-4A10-8321-5528E86581F2}"
EndProject
Global
	GlobalSection(SolutionConfigurationPlatforms) = preSolution
		Debug|Any CPU = Debug|Any CPU
		Release|Any CPU = Release|Any CPU
	EndGlobalSection
	GlobalSection(ProjectConfigurationPlatforms) = postSolution
		{F933344F-11F3-4309-8E15-23D66761047D}.Debug|Any CPU.ActiveCfg = Debug|Any CPU
		{F933344F-11F3-4309-8E15-23D66761047D}.Debug|Any CPU.Build.0 = Debug|Any CPU
		{F933344F-11F3-4309-8E15-23D66761047D}.Release|Any CPU.ActiveCfg = Release|Any CPU
		{F933344F-11F3-4309-8E15-23D66761047D}.Release|Any CPU.Build.0 = Release|Any CPU
		{8DF97DDB-0FBA-40F2-9379-62F091BAD04C}.Debug|Any CPU.ActiveCfg = Debug|Any CPU
		{8DF97DDB-0FBA-40F2-9379-62F091BAD04C}.Debug|Any CPU.Build.0 = Debug|Any CPU
		{8DF97DDB-0FBA-40F2-9379-62F091BAD04C}.Release|Any CPU.ActiveCfg = Release|Any CPU
		{8DF97DDB-0FBA-40F2-9379-62F091BAD04C}.Release|Any CPU.Build.0 = Release|Any CPU
		{41219632-B64D-4E2C-B5E8-A9575C3FC282}.Debug|Any CPU.ActiveCfg = Debug|Any CPU
		{41219632-B64D-4E2C-B5E8-A9575C3FC282}.Debug|Any CPU.Build.0 = Debug|Any CPU
		{41219632-B64D-4E2C-B5E8-A9575C3FC282}.Release|Any CPU.ActiveCfg = Release|Any CPU
		{41219632-B64D-4E2C-B5E8-A9575C3FC282}.Release|Any CPU.Build.0 = Release|Any CPU
		{C2577A52-836C-4401-9055-CFF1BFEE3E6F}.Debug|Any CPU.ActiveCfg = Debug|Any CPU
		{C2577A52-836C-4401-9055-CFF1BFEE3E6F}.Debug|Any CPU.Build.0 = Debug|Any CPU
		{C2577A52-836C-4401-9055-CFF1BFEE3E6F}.Release|Any CPU.ActiveCfg = Release|Any CPU
		{C2577A52-836C-4401-9055-CFF1BFEE3E6F}.Release|Any CPU.Build.0 = Release|Any CPU
		{C4D238C9-FF5E-4A10-8321-5528E86581F2}.Debug|Any CPU.ActiveCfg = Debug|Any CPU
		{C4D238C9-FF5E-4A10-8321-5528E86581F2}.Debug|Any CPU.Build.0 = Debug|Any CPU
		{C4D238C9-FF5E-4A10-8321-5528E86581F2}.Release|Any CPU.ActiveCfg = Release|Any CPU
		{C4D238C9-FF5E-4A10-8321-5528E86581F2}.Release|Any CPU.Build.0 = Release|Any CPU
	EndGlobalSection
	GlobalSection(SolutionProperties) = preSolution
		HideSolutionNode = FALSE
	EndGlobalSection
	GlobalSection(ExtensibilityGlobals) = postSolution
		SolutionGuid = {47FF212D-FBF8-4AE0-83AE-E7E284BEA04C}
	EndGlobalSection
EndGlobal
